// !$*UTF8*$!
{
	archiveVersion = 1;
	classes = {
	};
	objectVersion = 55;
	objects = {

/* Begin PBXBuildFile section */
		AB0D1A1828DDCB58000701A1 /* AppDelegate.swift in Sources */ = {isa = PBXBuildFile; fileRef = AB0D1A1728DDCB58000701A1 /* AppDelegate.swift */; };
		AB0D1A1A28DDCB58000701A1 /* SceneDelegate.swift in Sources */ = {isa = PBXBuildFile; fileRef = AB0D1A1928DDCB58000701A1 /* SceneDelegate.swift */; };
		AB0D1A1C28DDCB58000701A1 /* ViewController.swift in Sources */ = {isa = PBXBuildFile; fileRef = AB0D1A1B28DDCB58000701A1 /* ViewController.swift */; };
		AB0D1A1F28DDCB58000701A1 /* Main.storyboard in Resources */ = {isa = PBXBuildFile; fileRef = AB0D1A1D28DDCB58000701A1 /* Main.storyboard */; };
		AB0D1A2128DDCB59000701A1 /* Assets.xcassets in Resources */ = {isa = PBXBuildFile; fileRef = AB0D1A2028DDCB59000701A1 /* Assets.xcassets */; };
		AB0D1A2428DDCB59000701A1 /* LaunchScreen.storyboard in Resources */ = {isa = PBXBuildFile; fileRef = AB0D1A2228DDCB59000701A1 /* LaunchScreen.storyboard */; };
		ABF1841728DDD42000A64120 /* spain@2x.png in Resources */ = {isa = PBXBuildFile; fileRef = ABF183FF28DDD42000A64120 /* spain@2x.png */; };
		ABF1841828DDD42000A64120 /* nigeria@2x.png in Resources */ = {isa = PBXBuildFile; fileRef = ABF1840028DDD42000A64120 /* nigeria@2x.png */; };
		ABF1841928DDD42000A64120 /* nigeria@3x.png in Resources */ = {isa = PBXBuildFile; fileRef = ABF1840128DDD42000A64120 /* nigeria@3x.png */; };
		ABF1841A28DDD42000A64120 /* spain@3x.png in Resources */ = {isa = PBXBuildFile; fileRef = ABF1840228DDD42000A64120 /* spain@3x.png */; };
		ABF1841B28DDD42000A64120 /* italy@3x.png in Resources */ = {isa = PBXBuildFile; fileRef = ABF1840328DDD42000A64120 /* italy@3x.png */; };
		ABF1841C28DDD42000A64120 /* ireland@2x.png in Resources */ = {isa = PBXBuildFile; fileRef = ABF1840428DDD42000A64120 /* ireland@2x.png */; };
		ABF1841D28DDD42000A64120 /* germany@3x.png in Resources */ = {isa = PBXBuildFile; fileRef = ABF1840528DDD42000A64120 /* germany@3x.png */; };
		ABF1841E28DDD42000A64120 /* germany@2x.png in Resources */ = {isa = PBXBuildFile; fileRef = ABF1840628DDD42000A64120 /* germany@2x.png */; };
		ABF1841F28DDD42000A64120 /* ireland@3x.png in Resources */ = {isa = PBXBuildFile; fileRef = ABF1840728DDD42000A64120 /* ireland@3x.png */; };
		ABF1842028DDD42000A64120 /* italy@2x.png in Resources */ = {isa = PBXBuildFile; fileRef = ABF1840828DDD42000A64120 /* italy@2x.png */; };
		ABF1842128DDD42000A64120 /* poland@2x.png in Resources */ = {isa = PBXBuildFile; fileRef = ABF1840928DDD42000A64120 /* poland@2x.png */; };
		ABF1842228DDD42000A64120 /* russia@2x.png in Resources */ = {isa = PBXBuildFile; fileRef = ABF1840A28DDD42000A64120 /* russia@2x.png */; };
		ABF1842328DDD42000A64120 /* estonia@2x.png in Resources */ = {isa = PBXBuildFile; fileRef = ABF1840B28DDD42000A64120 /* estonia@2x.png */; };
		ABF1842428DDD42000A64120 /* estonia@3x.png in Resources */ = {isa = PBXBuildFile; fileRef = ABF1840C28DDD42000A64120 /* estonia@3x.png */; };
		ABF1842528DDD42000A64120 /* russia@3x.png in Resources */ = {isa = PBXBuildFile; fileRef = ABF1840D28DDD42000A64120 /* russia@3x.png */; };
		ABF1842628DDD42000A64120 /* poland@3x.png in Resources */ = {isa = PBXBuildFile; fileRef = ABF1840E28DDD42000A64120 /* poland@3x.png */; };
		ABF1842728DDD42000A64120 /* uk@3x.png in Resources */ = {isa = PBXBuildFile; fileRef = ABF1840F28DDD42000A64120 /* uk@3x.png */; };
		ABF1842828DDD42000A64120 /* us@3x.png in Resources */ = {isa = PBXBuildFile; fileRef = ABF1841028DDD42000A64120 /* us@3x.png */; };
		ABF1842928DDD42000A64120 /* france@3x.png in Resources */ = {isa = PBXBuildFile; fileRef = ABF1841128DDD42000A64120 /* france@3x.png */; };
		ABF1842A28DDD42000A64120 /* monaco@2x.png in Resources */ = {isa = PBXBuildFile; fileRef = ABF1841228DDD42000A64120 /* monaco@2x.png */; };
		ABF1842B28DDD42000A64120 /* monaco@3x.png in Resources */ = {isa = PBXBuildFile; fileRef = ABF1841328DDD42000A64120 /* monaco@3x.png */; };
		ABF1842C28DDD42000A64120 /* france@2x.png in Resources */ = {isa = PBXBuildFile; fileRef = ABF1841428DDD42000A64120 /* france@2x.png */; };
		ABF1842D28DDD42000A64120 /* us@2x.png in Resources */ = {isa = PBXBuildFile; fileRef = ABF1841528DDD42000A64120 /* us@2x.png */; };
		ABF1842E28DDD42000A64120 /* uk@2x.png in Resources */ = {isa = PBXBuildFile; fileRef = ABF1841628DDD42000A64120 /* uk@2x.png */; };
/* End PBXBuildFile section */

/* Begin PBXFileReference section */
		AB0D1A1428DDCB58000701A1 /* Milestone1-Projects1-3.app */ = {isa = PBXFileReference; explicitFileType = wrapper.application; includeInIndex = 0; path = "Milestone1-Projects1-3.app"; sourceTree = BUILT_PRODUCTS_DIR; };
		AB0D1A1728DDCB58000701A1 /* AppDelegate.swift */ = {isa = PBXFileReference; lastKnownFileType = sourcecode.swift; path = AppDelegate.swift; sourceTree = "<group>"; };
		AB0D1A1928DDCB58000701A1 /* SceneDelegate.swift */ = {isa = PBXFileReference; lastKnownFileType = sourcecode.swift; path = SceneDelegate.swift; sourceTree = "<group>"; };
		AB0D1A1B28DDCB58000701A1 /* ViewController.swift */ = {isa = PBXFileReference; lastKnownFileType = sourcecode.swift; path = ViewController.swift; sourceTree = "<group>"; };
		AB0D1A1E28DDCB58000701A1 /* Base */ = {isa = PBXFileReference; lastKnownFileType = file.storyboard; name = Base; path = Base.lproj/Main.storyboard; sourceTree = "<group>"; };
		AB0D1A2028DDCB59000701A1 /* Assets.xcassets */ = {isa = PBXFileReference; lastKnownFileType = folder.assetcatalog; path = Assets.xcassets; sourceTree = "<group>"; };
		AB0D1A2328DDCB59000701A1 /* Base */ = {isa = PBXFileReference; lastKnownFileType = file.storyboard; name = Base; path = Base.lproj/LaunchScreen.storyboard; sourceTree = "<group>"; };
		AB0D1A2528DDCB59000701A1 /* Info.plist */ = {isa = PBXFileReference; lastKnownFileType = text.plist.xml; path = Info.plist; sourceTree = "<group>"; };
		ABF183FF28DDD42000A64120 /* spain@2x.png */ = {isa = PBXFileReference; lastKnownFileType = image.png; path = "spain@2x.png"; sourceTree = "<group>"; };
		ABF1840028DDD42000A64120 /* nigeria@2x.png */ = {isa = PBXFileReference; lastKnownFileType = image.png; path = "nigeria@2x.png"; sourceTree = "<group>"; };
		ABF1840128DDD42000A64120 /* nigeria@3x.png */ = {isa = PBXFileReference; lastKnownFileType = image.png; path = "nigeria@3x.png"; sourceTree = "<group>"; };
		ABF1840228DDD42000A64120 /* spain@3x.png */ = {isa = PBXFileReference; lastKnownFileType = image.png; path = "spain@3x.png"; sourceTree = "<group>"; };
		ABF1840328DDD42000A64120 /* italy@3x.png */ = {isa = PBXFileReference; lastKnownFileType = image.png; path = "italy@3x.png"; sourceTree = "<group>"; };
		ABF1840428DDD42000A64120 /* ireland@2x.png */ = {isa = PBXFileReference; lastKnownFileType = image.png; path = "ireland@2x.png"; sourceTree = "<group>"; };
		ABF1840528DDD42000A64120 /* germany@3x.png */ = {isa = PBXFileReference; lastKnownFileType = image.png; path = "germany@3x.png"; sourceTree = "<group>"; };
		ABF1840628DDD42000A64120 /* germany@2x.png */ = {isa = PBXFileReference; lastKnownFileType = image.png; path = "germany@2x.png"; sourceTree = "<group>"; };
		ABF1840728DDD42000A64120 /* ireland@3x.png */ = {isa = PBXFileReference; lastKnownFileType = image.png; path = "ireland@3x.png"; sourceTree = "<group>"; };
		ABF1840828DDD42000A64120 /* italy@2x.png */ = {isa = PBXFileReference; lastKnownFileType = image.png; path = "italy@2x.png"; sourceTree = "<group>"; };
		ABF1840928DDD42000A64120 /* poland@2x.png */ = {isa = PBXFileReference; lastKnownFileType = image.png; path = "poland@2x.png"; sourceTree = "<group>"; };
		ABF1840A28DDD42000A64120 /* russia@2x.png */ = {isa = PBXFileReference; lastKnownFileType = image.png; path = "russia@2x.png"; sourceTree = "<group>"; };
		ABF1840B28DDD42000A64120 /* estonia@2x.png */ = {isa = PBXFileReference; lastKnownFileType = image.png; path = "estonia@2x.png"; sourceTree = "<group>"; };
		ABF1840C28DDD42000A64120 /* estonia@3x.png */ = {isa = PBXFileReference; lastKnownFileType = image.png; path = "estonia@3x.png"; sourceTree = "<group>"; };
		ABF1840D28DDD42000A64120 /* russia@3x.png */ = {isa = PBXFileReference; lastKnownFileType = image.png; path = "russia@3x.png"; sourceTree = "<group>"; };
		ABF1840E28DDD42000A64120 /* poland@3x.png */ = {isa = PBXFileReference; lastKnownFileType = image.png; path = "poland@3x.png"; sourceTree = "<group>"; };
		ABF1840F28DDD42000A64120 /* uk@3x.png */ = {isa = PBXFileReference; lastKnownFileType = image.png; path = "uk@3x.png"; sourceTree = "<group>"; };
		ABF1841028DDD42000A64120 /* us@3x.png */ = {isa = PBXFileReference; lastKnownFileType = image.png; path = "us@3x.png"; sourceTree = "<group>"; };
		ABF1841128DDD42000A64120 /* france@3x.png */ = {isa = PBXFileReference; lastKnownFileType = image.png; path = "france@3x.png"; sourceTree = "<group>"; };
		ABF1841228DDD42000A64120 /* monaco@2x.png */ = {isa = PBXFileReference; lastKnownFileType = image.png; path = "monaco@2x.png"; sourceTree = "<group>"; };
		ABF1841328DDD42000A64120 /* monaco@3x.png */ = {isa = PBXFileReference; lastKnownFileType = image.png; path = "monaco@3x.png"; sourceTree = "<group>"; };
		ABF1841428DDD42000A64120 /* france@2x.png */ = {isa = PBXFileReference; lastKnownFileType = image.png; path = "france@2x.png"; sourceTree = "<group>"; };
		ABF1841528DDD42000A64120 /* us@2x.png */ = {isa = PBXFileReference; lastKnownFileType = image.png; path = "us@2x.png"; sourceTree = "<group>"; };
		ABF1841628DDD42000A64120 /* uk@2x.png */ = {isa = PBXFileReference; lastKnownFileType = image.png; path = "uk@2x.png"; sourceTree = "<group>"; };
/* End PBXFileReference section */

/* Begin PBXFrameworksBuildPhase section */
		AB0D1A1128DDCB58000701A1 /* Frameworks */ = {
			isa = PBXFrameworksBuildPhase;
			buildActionMask = 2147483647;
			files = (
			);
			runOnlyForDeploymentPostprocessing = 0;
		};
/* End PBXFrameworksBuildPhase section */

/* Begin PBXGroup section */
		AB0D1A0B28DDCB58000701A1 = {
			isa = PBXGroup;
			children = (
				AB0D1A1628DDCB58000701A1 /* Milestone1-Projects1-3 */,
				AB0D1A1528DDCB58000701A1 /* Products */,
			);
			sourceTree = "<group>";
		};
		AB0D1A1528DDCB58000701A1 /* Products */ = {
			isa = PBXGroup;
			children = (
				AB0D1A1428DDCB58000701A1 /* Milestone1-Projects1-3.app */,
			);
			name = Products;
			sourceTree = "<group>";
		};
		AB0D1A1628DDCB58000701A1 /* Milestone1-Projects1-3 */ = {
			isa = PBXGroup;
			children = (
				AB0D1A1728DDCB58000701A1 /* AppDelegate.swift */,
				AB0D1A1928DDCB58000701A1 /* SceneDelegate.swift */,
				AB0D1A1B28DDCB58000701A1 /* ViewController.swift */,
				ABF183FE28DDD42000A64120 /* Content */,
				AB0D1A1D28DDCB58000701A1 /* Main.storyboard */,
				AB0D1A2028DDCB59000701A1 /* Assets.xcassets */,
				AB0D1A2228DDCB59000701A1 /* LaunchScreen.storyboard */,
				AB0D1A2528DDCB59000701A1 /* Info.plist */,
			);
			path = "Milestone1-Projects1-3";
			sourceTree = "<group>";
		};
		ABF183FE28DDD42000A64120 /* Content */ = {
			isa = PBXGroup;
			children = (
				ABF183FF28DDD42000A64120 /* spain@2x.png */,
				ABF1840028DDD42000A64120 /* nigeria@2x.png */,
				ABF1840128DDD42000A64120 /* nigeria@3x.png */,
				ABF1840228DDD42000A64120 /* spain@3x.png */,
				ABF1840328DDD42000A64120 /* italy@3x.png */,
				ABF1840428DDD42000A64120 /* ireland@2x.png */,
				ABF1840528DDD42000A64120 /* germany@3x.png */,
				ABF1840628DDD42000A64120 /* germany@2x.png */,
				ABF1840728DDD42000A64120 /* ireland@3x.png */,
				ABF1840828DDD42000A64120 /* italy@2x.png */,
				ABF1840928DDD42000A64120 /* poland@2x.png */,
				ABF1840A28DDD42000A64120 /* russia@2x.png */,
				ABF1840B28DDD42000A64120 /* estonia@2x.png */,
				ABF1840C28DDD42000A64120 /* estonia@3x.png */,
				ABF1840D28DDD42000A64120 /* russia@3x.png */,
				ABF1840E28DDD42000A64120 /* poland@3x.png */,
				ABF1840F28DDD42000A64120 /* uk@3x.png */,
				ABF1841028DDD42000A64120 /* us@3x.png */,
				ABF1841128DDD42000A64120 /* france@3x.png */,
				ABF1841228DDD42000A64120 /* monaco@2x.png */,
				ABF1841328DDD42000A64120 /* monaco@3x.png */,
				ABF1841428DDD42000A64120 /* france@2x.png */,
				ABF1841528DDD42000A64120 /* us@2x.png */,
				ABF1841628DDD42000A64120 /* uk@2x.png */,
			);
			path = Content;
			sourceTree = "<group>";
		};
/* End PBXGroup section */

/* Begin PBXNativeTarget section */
		AB0D1A1328DDCB58000701A1 /* Milestone1-Projects1-3 */ = {
			isa = PBXNativeTarget;
			buildConfigurationList = AB0D1A2828DDCB59000701A1 /* Build configuration list for PBXNativeTarget "Milestone1-Projects1-3" */;
			buildPhases = (
				AB0D1A1028DDCB58000701A1 /* Sources */,
				AB0D1A1128DDCB58000701A1 /* Frameworks */,
				AB0D1A1228DDCB58000701A1 /* Resources */,
			);
			buildRules = (
			);
			dependencies = (
			);
			name = "Milestone1-Projects1-3";
			productName = "Milestone1-Projects1-3";
			productReference = AB0D1A1428DDCB58000701A1 /* Milestone1-Projects1-3.app */;
			productType = "com.apple.product-type.application";
		};
/* End PBXNativeTarget section */

/* Begin PBXProject section */
		AB0D1A0C28DDCB58000701A1 /* Project object */ = {
			isa = PBXProject;
			attributes = {
				BuildIndependentTargetsInParallel = 1;
				LastSwiftUpdateCheck = 1320;
				LastUpgradeCheck = 1320;
				TargetAttributes = {
					AB0D1A1328DDCB58000701A1 = {
						CreatedOnToolsVersion = 13.2.1;
					};
				};
			};
			buildConfigurationList = AB0D1A0F28DDCB58000701A1 /* Build configuration list for PBXProject "Milestone1-Projects1-3" */;
			compatibilityVersion = "Xcode 13.0";
			developmentRegion = en;
			hasScannedForEncodings = 0;
			knownRegions = (
				en,
				Base,
			);
			mainGroup = AB0D1A0B28DDCB58000701A1;
			productRefGroup = AB0D1A1528DDCB58000701A1 /* Products */;
			projectDirPath = "";
			projectRoot = "";
			targets = (
				AB0D1A1328DDCB58000701A1 /* Milestone1-Projects1-3 */,
			);
		};
/* End PBXProject section */

/* Begin PBXResourcesBuildPhase section */
		AB0D1A1228DDCB58000701A1 /* Resources */ = {
			isa = PBXResourcesBuildPhase;
			buildActionMask = 2147483647;
			files = (
				ABF1842B28DDD42000A64120 /* monaco@3x.png in Resources */,
				ABF1841828DDD42000A64120 /* nigeria@2x.png in Resources */,
				ABF1842D28DDD42000A64120 /* us@2x.png in Resources */,
				ABF1841928DDD42000A64120 /* nigeria@3x.png in Resources */,
				ABF1842628DDD42000A64120 /* poland@3x.png in Resources */,
				ABF1842728DDD42000A64120 /* uk@3x.png in Resources */,
				ABF1842C28DDD42000A64120 /* france@2x.png in Resources */,
				ABF1842028DDD42000A64120 /* italy@2x.png in Resources */,
				ABF1841728DDD42000A64120 /* spain@2x.png in Resources */,
				ABF1841D28DDD42000A64120 /* germany@3x.png in Resources */,
				AB0D1A2428DDCB59000701A1 /* LaunchScreen.storyboard in Resources */,
				ABF1842128DDD42000A64120 /* poland@2x.png in Resources */,
				AB0D1A2128DDCB59000701A1 /* Assets.xcassets in Resources */,
				ABF1841B28DDD42000A64120 /* italy@3x.png in Resources */,
				ABF1842428DDD42000A64120 /* estonia@3x.png in Resources */,
				ABF1842A28DDD42000A64120 /* monaco@2x.png in Resources */,
				AB0D1A1F28DDCB58000701A1 /* Main.storyboard in Resources */,
				ABF1841C28DDD42000A64120 /* ireland@2x.png in Resources */,
				ABF1841E28DDD42000A64120 /* germany@2x.png in Resources */,
				ABF1842828DDD42000A64120 /* us@3x.png in Resources */,
				ABF1841A28DDD42000A64120 /* spain@3x.png in Resources */,
				ABF1842228DDD42000A64120 /* russia@2x.png in Resources */,
				ABF1842328DDD42000A64120 /* estonia@2x.png in Resources */,
				ABF1842528DDD42000A64120 /* russia@3x.png in Resources */,
				ABF1842E28DDD42000A64120 /* uk@2x.png in Resources */,
				ABF1842928DDD42000A64120 /* france@3x.png in Resources */,
				ABF1841F28DDD42000A64120 /* ireland@3x.png in Resources */,
			);
			runOnlyForDeploymentPostprocessing = 0;
		};
/* End PBXResourcesBuildPhase section */

/* Begin PBXSourcesBuildPhase section */
		AB0D1A1028DDCB58000701A1 /* Sources */ = {
			isa = PBXSourcesBuildPhase;
			buildActionMask = 2147483647;
			files = (
				AB0D1A1C28DDCB58000701A1 /* ViewController.swift in Sources */,
				AB0D1A1828DDCB58000701A1 /* AppDelegate.swift in Sources */,
				AB0D1A1A28DDCB58000701A1 /* SceneDelegate.swift in Sources */,
			);
			runOnlyForDeploymentPostprocessing = 0;
		};
/* End PBXSourcesBuildPhase section */

/* Begin PBXVariantGroup section */
		AB0D1A1D28DDCB58000701A1 /* Main.storyboard */ = {
			isa = PBXVariantGroup;
			children = (
				AB0D1A1E28DDCB58000701A1 /* Base */,
			);
			name = Main.storyboard;
			sourceTree = "<group>";
		};
		AB0D1A2228DDCB59000701A1 /* LaunchScreen.storyboard */ = {
			isa = PBXVariantGroup;
			children = (
				AB0D1A2328DDCB59000701A1 /* Base */,
			);
			name = LaunchScreen.storyboard;
			sourceTree = "<group>";
		};
/* End PBXVariantGroup section */

/* Begin XCBuildConfiguration section */
		AB0D1A2628DDCB59000701A1 /* Debug */ = {
			isa = XCBuildConfiguration;
			buildSettings = {
				ALWAYS_SEARCH_USER_PATHS = NO;
				CLANG_ANALYZER_NONNULL = YES;
				CLANG_ANALYZER_NUMBER_OBJECT_CONVERSION = YES_AGGRESSIVE;
				CLANG_CXX_LANGUAGE_STANDARD = "gnu++17";
				CLANG_CXX_LIBRARY = "libc++";
				CLANG_ENABLE_MODULES = YES;
				CLANG_ENABLE_OBJC_ARC = YES;
				CLANG_ENABLE_OBJC_WEAK = YES;
				CLANG_WARN_BLOCK_CAPTURE_AUTORELEASING = YES;
				CLANG_WARN_BOOL_CONVERSION = YES;
				CLANG_WARN_COMMA = YES;
				CLANG_WARN_CONSTANT_CONVERSION = YES;
				CLANG_WARN_DEPRECATED_OBJC_IMPLEMENTATIONS = YES;
				CLANG_WARN_DIRECT_OBJC_ISA_USAGE = YES_ERROR;
				CLANG_WARN_DOCUMENTATION_COMMENTS = YES;
				CLANG_WARN_EMPTY_BODY = YES;
				CLANG_WARN_ENUM_CONVERSION = YES;
				CLANG_WARN_INFINITE_RECURSION = YES;
				CLANG_WARN_INT_CONVERSION = YES;
				CLANG_WARN_NON_LITERAL_NULL_CONVERSION = YES;
				CLANG_WARN_OBJC_IMPLICIT_RETAIN_SELF = YES;
				CLANG_WARN_OBJC_LITERAL_CONVERSION = YES;
				CLANG_WARN_OBJC_ROOT_CLASS = YES_ERROR;
				CLANG_WARN_QUOTED_INCLUDE_IN_FRAMEWORK_HEADER = YES;
				CLANG_WARN_RANGE_LOOP_ANALYSIS = YES;
				CLANG_WARN_STRICT_PROTOTYPES = YES;
				CLANG_WARN_SUSPICIOUS_MOVE = YES;
				CLANG_WARN_UNGUARDED_AVAILABILITY = YES_AGGRESSIVE;
				CLANG_WARN_UNREACHABLE_CODE = YES;
				CLANG_WARN__DUPLICATE_METHOD_MATCH = YES;
				COPY_PHASE_STRIP = NO;
				DEBUG_INFORMATION_FORMAT = dwarf;
				ENABLE_STRICT_OBJC_MSGSEND = YES;
				ENABLE_TESTABILITY = YES;
				GCC_C_LANGUAGE_STANDARD = gnu11;
				GCC_DYNAMIC_NO_PIC = NO;
				GCC_NO_COMMON_BLOCKS = YES;
				GCC_OPTIMIZATION_LEVEL = 0;
				GCC_PREPROCESSOR_DEFINITIONS = (
					"DEBUG=1",
					"$(inherited)",
				);
				GCC_WARN_64_TO_32_BIT_CONVERSION = YES;
				GCC_WARN_ABOUT_RETURN_TYPE = YES_ERROR;
				GCC_WARN_UNDECLARED_SELECTOR = YES;
				GCC_WARN_UNINITIALIZED_AUTOS = YES_AGGRESSIVE;
				GCC_WARN_UNUSED_FUNCTION = YES;
				GCC_WARN_UNUSED_VARIABLE = YES;
				IPHONEOS_DEPLOYMENT_TARGET = 15.2;
				MTL_ENABLE_DEBUG_INFO = INCLUDE_SOURCE;
				MTL_FAST_MATH = YES;
				ONLY_ACTIVE_ARCH = YES;
				SDKROOT = iphoneos;
				SWIFT_ACTIVE_COMPILATION_CONDITIONS = DEBUG;
				SWIFT_OPTIMIZATION_LEVEL = "-Onone";
			};
			name = Debug;
		};
		AB0D1A2728DDCB59000701A1 /* Release */ = {
			isa = XCBuildConfiguration;
			buildSettings = {
				ALWAYS_SEARCH_USER_PATHS = NO;
				CLANG_ANALYZER_NONNULL = YES;
				CLANG_ANALYZER_NUMBER_OBJECT_CONVERSION = YES_AGGRESSIVE;
				CLANG_CXX_LANGUAGE_STANDARD = "gnu++17";
				CLANG_CXX_LIBRARY = "libc++";
				CLANG_ENABLE_MODULES = YES;
				CLANG_ENABLE_OBJC_ARC = YES;
				CLANG_ENABLE_OBJC_WEAK = YES;
				CLANG_WARN_BLOCK_CAPTURE_AUTORELEASING = YES;
				CLANG_WARN_BOOL_CONVERSION = YES;
				CLANG_WARN_COMMA = YES;
				CLANG_WARN_CONSTANT_CONVERSION = YES;
				CLANG_WARN_DEPRECATED_OBJC_IMPLEMENTATIONS = YES;
				CLANG_WARN_DIRECT_OBJC_ISA_USAGE = YES_ERROR;
				CLANG_WARN_DOCUMENTATION_COMMENTS = YES;
				CLANG_WARN_EMPTY_BODY = YES;
				CLANG_WARN_ENUM_CONVERSION = YES;
				CLANG_WARN_INFINITE_RECURSION = YES;
				CLANG_WARN_INT_CONVERSION = YES;
				CLANG_WARN_NON_LITERAL_NULL_CONVERSION = YES;
				CLANG_WARN_OBJC_IMPLICIT_RETAIN_SELF = YES;
				CLANG_WARN_OBJC_LITERAL_CONVERSION = YES;
				CLANG_WARN_OBJC_ROOT_CLASS = YES_ERROR;
				CLANG_WARN_QUOTED_INCLUDE_IN_FRAMEWORK_HEADER = YES;
				CLANG_WARN_RANGE_LOOP_ANALYSIS = YES;
				CLANG_WARN_STRICT_PROTOTYPES = YES;
				CLANG_WARN_SUSPICIOUS_MOVE = YES;
				CLANG_WARN_UNGUARDED_AVAILABILITY = YES_AGGRESSIVE;
				CLANG_WARN_UNREACHABLE_CODE = YES;
				CLANG_WARN__DUPLICATE_METHOD_MATCH = YES;
				COPY_PHASE_STRIP = NO;
				DEBUG_INFORMATION_FORMAT = "dwarf-with-dsym";
				ENABLE_NS_ASSERTIONS = NO;
				ENABLE_STRICT_OBJC_MSGSEND = YES;
				GCC_C_LANGUAGE_STANDARD = gnu11;
				GCC_NO_COMMON_BLOCKS = YES;
				GCC_WARN_64_TO_32_BIT_CONVERSION = YES;
				GCC_WARN_ABOUT_RETURN_TYPE = YES_ERROR;
				GCC_WARN_UNDECLARED_SELECTOR = YES;
				GCC_WARN_UNINITIALIZED_AUTOS = YES_AGGRESSIVE;
				GCC_WARN_UNUSED_FUNCTION = YES;
				GCC_WARN_UNUSED_VARIABLE = YES;
				IPHONEOS_DEPLOYMENT_TARGET = 15.2;
				MTL_ENABLE_DEBUG_INFO = NO;
				MTL_FAST_MATH = YES;
				SDKROOT = iphoneos;
				SWIFT_COMPILATION_MODE = wholemodule;
				SWIFT_OPTIMIZATION_LEVEL = "-O";
				VALIDATE_PRODUCT = YES;
			};
			name = Release;
		};
		AB0D1A2928DDCB59000701A1 /* Debug */ = {
			isa = XCBuildConfiguration;
			buildSettings = {
				ASSETCATALOG_COMPILER_APPICON_NAME = AppIcon;
				ASSETCATALOG_COMPILER_GLOBAL_ACCENT_COLOR_NAME = AccentColor;
				CODE_SIGN_STYLE = Automatic;
				CURRENT_PROJECT_VERSION = 1;
				DEVELOPMENT_TEAM = BC75TY745Z;
				GENERATE_INFOPLIST_FILE = YES;
				INFOPLIST_FILE = "Milestone1-Projects1-3/Info.plist";
				INFOPLIST_KEY_UIApplicationSupportsIndirectInputEvents = YES;
				INFOPLIST_KEY_UILaunchStoryboardName = LaunchScreen;
				INFOPLIST_KEY_UIMainStoryboardFile = Main;
				INFOPLIST_KEY_UISupportedInterfaceOrientations_iPad = "UIInterfaceOrientationPortrait UIInterfaceOrientationPortraitUpsideDown UIInterfaceOrientationLandscapeLeft UIInterfaceOrientationLandscapeRight";
				INFOPLIST_KEY_UISupportedInterfaceOrientations_iPhone = "UIInterfaceOrientationPortrait UIInterfaceOrientationLandscapeLeft UIInterfaceOrientationLandscapeRight";
				LD_RUNPATH_SEARCH_PATHS = (
					"$(inherited)",
					"@executable_path/Frameworks",
				);
				MARKETING_VERSION = 1.0;
				PRODUCT_BUNDLE_IDENTIFIER = "eoruc.Milestone1-Projects1-3";
				PRODUCT_NAME = "$(TARGET_NAME)";
				SWIFT_EMIT_LOC_STRINGS = YES;
				SWIFT_VERSION = 5.0;
				TARGETED_DEVICE_FAMILY = "1,2";
			};
			name = Debug;
		};
		AB0D1A2A28DDCB59000701A1 /* Release */ = {
			isa = XCBuildConfiguration;
			buildSettings = {
				ASSETCATALOG_COMPILER_APPICON_NAME = AppIcon;
				ASSETCATALOG_COMPILER_GLOBAL_ACCENT_COLOR_NAME = AccentColor;
				CODE_SIGN_STYLE = Automatic;
				CURRENT_PROJECT_VERSION = 1;
				DEVELOPMENT_TEAM = BC75TY745Z;
				GENERATE_INFOPLIST_FILE = YES;
				INFOPLIST_FILE = "Milestone1-Projects1-3/Info.plist";
				INFOPLIST_KEY_UIApplicationSupportsIndirectInputEvents = YES;
				INFOPLIST_KEY_UILaunchStoryboardName = LaunchScreen;
				INFOPLIST_KEY_UIMainStoryboardFile = Main;
				INFOPLIST_KEY_UISupportedInterfaceOrientations_iPad = "UIInterfaceOrientationPortrait UIInterfaceOrientationPortraitUpsideDown UIInterfaceOrientationLandscapeLeft UIInterfaceOrientationLandscapeRight";
				INFOPLIST_KEY_UISupportedInterfaceOrientations_iPhone = "UIInterfaceOrientationPortrait UIInterfaceOrientationLandscapeLeft UIInterfaceOrientationLandscapeRight";
				LD_RUNPATH_SEARCH_PATHS = (
					"$(inherited)",
					"@executable_path/Frameworks",
				);
				MARKETING_VERSION = 1.0;
				PRODUCT_BUNDLE_IDENTIFIER = "eoruc.Milestone1-Projects1-3";
				PRODUCT_NAME = "$(TARGET_NAME)";
				SWIFT_EMIT_LOC_STRINGS = YES;
				SWIFT_VERSION = 5.0;
				TARGETED_DEVICE_FAMILY = "1,2";
			};
			name = Release;
		};
/* End XCBuildConfiguration section */

/* Begin XCConfigurationList section */
		AB0D1A0F28DDCB58000701A1 /* Build configuration list for PBXProject "Milestone1-Projects1-3" */ = {
			isa = XCConfigurationList;
			buildConfigurations = (
				AB0D1A2628DDCB59000701A1 /* Debug */,
				AB0D1A2728DDCB59000701A1 /* Release */,
			);
			defaultConfigurationIsVisible = 0;
			defaultConfigurationName = Release;
		};
		AB0D1A2828DDCB59000701A1 /* Build configuration list for PBXNativeTarget "Milestone1-Projects1-3" */ = {
			isa = XCConfigurationList;
			buildConfigurations = (
				AB0D1A2928DDCB59000701A1 /* Debug */,
				AB0D1A2A28DDCB59000701A1 /* Release */,
			);
			defaultConfigurationIsVisible = 0;
			defaultConfigurationName = Release;
		};
/* End XCConfigurationList section */
	};
	rootObject = AB0D1A0C28DDCB58000701A1 /* Project object */;
}
